
Microsoft Visual Studio Solution File, Format Version 12.00
# Visual Studio Version 17
VisualStudioVersion = 17.3.32804.467
MinimumVisualStudioVersion = 10.0.40219.1
Project("{FAE04EC0-301F-11D3-BF4B-00C04F79EFBC}") = "BibleotecaMVC", "BibleotecaMVC\BibleotecaMVC.csproj", "{03089D47-A2E2-4E5A-A1A4-1A6AA2337B0F}"
EndProject
Global
	GlobalSection(SolutionConfigurationPlatforms) = preSolution
		Debug|Any CPU = Debug|Any CPU
		Release|Any CPU = Release|Any CPU
	EndGlobalSection
	GlobalSection(ProjectConfigurationPlatforms) = postSolution
		{03089D47-A2E2-4E5A-A1A4-1A6AA2337B0F}.Debug|Any CPU.ActiveCfg = Debug|Any CPU
		{03089D47-A2E2-4E5A-A1A4-1A6AA2337B0F}.Debug|Any CPU.Build.0 = Debug|Any CPU
		{03089D47-A2E2-4E5A-A1A4-1A6AA2337B0F}.Release|Any CPU.ActiveCfg = Release|Any CPU
		{03089D47-A2E2-4E5A-A1A4-1A6AA2337B0F}.Release|Any CPU.Build.0 = Release|Any CPU
	EndGlobalSection
	GlobalSection(SolutionProperties) = preSolution
		HideSolutionNode = FALSE
	EndGlobalSection
	GlobalSection(ExtensibilityGlobals) = postSolution
		SolutionGuid = {7F71907E-5398-4290-875F-804CFD15EE5C}
	EndGlobalSection
EndGlobal
